{
  "requires": true,
  "lockfileVersion": 1,
  "dependencies": {
    "@angular/forms": {
      "version": "11.2.11",
      "resolved": "https://registry.npmjs.org/@angular/forms/-/forms-11.2.11.tgz",
      "integrity": "sha512-joSb7XRq8C0nCharAe48suCKO0PgWbLZGc21xJIir7V8HnjdqQS6g+u+GaqEPj01C6Cdfx/zPzuLeLtL1HbZTg==",
      "requires": {
        "tslib": "^2.0.0"
      }
    },
    "@ng-bootstrap/ng-bootstrap": {
      "version": "9.1.0",
      "resolved": "https://registry.npmjs.org/@ng-bootstrap/ng-bootstrap/-/ng-bootstrap-9.1.0.tgz",
      "integrity": "sha512-5cTxOew6EsENIa/PiIlIlF3MSGanLGD2fyGPyQJc0hU5j9uK+alz2eJXWpeAX3IHLDIaOBfRdCGOrpXkeIUhzQ==",
      "requires": {
        "tslib": "^2.0.0"
      }
    },
    "tslib": {
      "version": "2.2.0",
      "resolved": "https://registry.npmjs.org/tslib/-/tslib-2.2.0.tgz",
      "integrity": "sha512-gS9GVHRU+RGn5KQM2rllAlR3dU6m7AcpJKdtH8gFvQiC4Otgk98XnmMU+nZenHt/+VhnBPWwgrJsyrdcw6i23w=="
    }
  }
}
